
Microsoft Visual Studio Solution File, Format Version 12.00
# Visual Studio 2015
Project("{FAE04EC0-301F-11D3-BF4B-00C04F79EFBC}") = "RogueLikeRPG.CSharp", "RogueLikeRPG.CSharp.csproj", "{BB135457-893C-A551-FA9D-8A387F9CD309}"
EndProject
Project("{FAE04EC0-301F-11D3-BF4B-00C04F79EFBC}") = "RogueLikeRPG.CSharp.Editor", "RogueLikeRPG.CSharp.Editor.csproj", "{B6B5B8FE-7970-4782-96BE-DA8B8F4D8F5D}"
EndProject
Global
	GlobalSection(SolutionConfigurationPlatforms) = preSolution
		Debug|Any CPU = Debug|Any CPU
		Release|Any CPU = Release|Any CPU
	EndGlobalSection
	GlobalSection(ProjectConfigurationPlatforms) = postSolution
		{BB135457-893C-A551-FA9D-8A387F9CD309}.Debug|Any CPU.ActiveCfg = Debug|Any CPU
		{BB135457-893C-A551-FA9D-8A387F9CD309}.Debug|Any CPU.Build.0 = Debug|Any CPU
		{BB135457-893C-A551-FA9D-8A387F9CD309}.Release|Any CPU.ActiveCfg = Release|Any CPU
		{BB135457-893C-A551-FA9D-8A387F9CD309}.Release|Any CPU.Build.0 = Release|Any CPU
		{B6B5B8FE-7970-4782-96BE-DA8B8F4D8F5D}.Debug|Any CPU.ActiveCfg = Debug|Any CPU
		{B6B5B8FE-7970-4782-96BE-DA8B8F4D8F5D}.Debug|Any CPU.Build.0 = Debug|Any CPU
		{B6B5B8FE-7970-4782-96BE-DA8B8F4D8F5D}.Release|Any CPU.ActiveCfg = Release|Any CPU
		{B6B5B8FE-7970-4782-96BE-DA8B8F4D8F5D}.Release|Any CPU.Build.0 = Release|Any CPU
	EndGlobalSection
	GlobalSection(SolutionProperties) = preSolution
		HideSolutionNode = FALSE
	EndGlobalSection
EndGlobal
